
Microsoft Visual Studio Solution File, Format Version 12.00
# Visual Studio Version 16
VisualStudioVersion = 16.0.31624.102
MinimumVisualStudioVersion = 10.0.40219.1
Project("{FAE04EC0-301F-11D3-BF4B-00C04F79EFBC}") = "Lab3_NguyenXuanTien_1911066400", "Lab3_NguyenXuanTien_1911066400\Lab3_NguyenXuanTien_1911066400.csproj", "{819383E2-D935-4473-B17D-B26013512949}"
EndProject
Global
	GlobalSection(SolutionConfigurationPlatforms) = preSolution
		Debug|Any CPU = Debug|Any CPU
		Release|Any CPU = Release|Any CPU
	EndGlobalSection
	GlobalSection(ProjectConfigurationPlatforms) = postSolution
		{819383E2-D935-4473-B17D-B26013512949}.Debug|Any CPU.ActiveCfg = Debug|Any CPU
		{819383E2-D935-4473-B17D-B26013512949}.Debug|Any CPU.Build.0 = Debug|Any CPU
		{819383E2-D935-4473-B17D-B26013512949}.Release|Any CPU.ActiveCfg = Release|Any CPU
		{819383E2-D935-4473-B17D-B26013512949}.Release|Any CPU.Build.0 = Release|Any CPU
	EndGlobalSection
	GlobalSection(SolutionProperties) = preSolution
		HideSolutionNode = FALSE
	EndGlobalSection
	GlobalSection(ExtensibilityGlobals) = postSolution
		SolutionGuid = {CF79B96B-B884-4D04-BD9F-A90B0996081F}
	EndGlobalSection
EndGlobal
